
Microsoft Visual Studio Solution File, Format Version 12.00
# Visual Studio 2013
VisualStudioVersion = 12.0.21005.1
MinimumVisualStudioVersion = 10.0.40219.1
Project("{FAE04EC0-301F-11D3-BF4B-00C04F79EFBC}") = "Jonia.LojaVirtual.Dominio", "Jonia.LojaVirtual.Dominio\Jonia.LojaVirtual.Dominio.csproj", "{10A057CC-D9B2-478B-A957-D14E14657D03}"
EndProject
Project("{FAE04EC0-301F-11D3-BF4B-00C04F79EFBC}") = "Jonia.LojaVirtual.Web", "Jonia.LojaVirtual.Web\Jonia.LojaVirtual.Web.csproj", "{6A4F67FC-82F5-4EC9-961C-BF35A10E3F55}"
EndProject
Project("{FAE04EC0-301F-11D3-BF4B-00C04F79EFBC}") = "Jonia.LojaVirtual.UnitTest", "Jonia.LojaVirtual.UnitTest\Jonia.LojaVirtual.UnitTest.csproj", "{C8FA864B-74D6-4094-9AA3-CD0C06EB260B}"
EndProject
Global
	GlobalSection(SolutionConfigurationPlatforms) = preSolution
		Debug|Any CPU = Debug|Any CPU
		Release|Any CPU = Release|Any CPU
	EndGlobalSection
	GlobalSection(ProjectConfigurationPlatforms) = postSolution
		{10A057CC-D9B2-478B-A957-D14E14657D03}.Debug|Any CPU.ActiveCfg = Debug|Any CPU
		{10A057CC-D9B2-478B-A957-D14E14657D03}.Debug|Any CPU.Build.0 = Debug|Any CPU
		{10A057CC-D9B2-478B-A957-D14E14657D03}.Release|Any CPU.ActiveCfg = Release|Any CPU
		{10A057CC-D9B2-478B-A957-D14E14657D03}.Release|Any CPU.Build.0 = Release|Any CPU
		{6A4F67FC-82F5-4EC9-961C-BF35A10E3F55}.Debug|Any CPU.ActiveCfg = Debug|Any CPU
		{6A4F67FC-82F5-4EC9-961C-BF35A10E3F55}.Debug|Any CPU.Build.0 = Debug|Any CPU
		{6A4F67FC-82F5-4EC9-961C-BF35A10E3F55}.Release|Any CPU.ActiveCfg = Release|Any CPU
		{6A4F67FC-82F5-4EC9-961C-BF35A10E3F55}.Release|Any CPU.Build.0 = Release|Any CPU
		{C8FA864B-74D6-4094-9AA3-CD0C06EB260B}.Debug|Any CPU.ActiveCfg = Debug|Any CPU
		{C8FA864B-74D6-4094-9AA3-CD0C06EB260B}.Debug|Any CPU.Build.0 = Debug|Any CPU
		{C8FA864B-74D6-4094-9AA3-CD0C06EB260B}.Release|Any CPU.ActiveCfg = Release|Any CPU
		{C8FA864B-74D6-4094-9AA3-CD0C06EB260B}.Release|Any CPU.Build.0 = Release|Any CPU
	EndGlobalSection
	GlobalSection(SolutionProperties) = preSolution
		HideSolutionNode = FALSE
	EndGlobalSection
EndGlobal
